github.com/dsnet/compress v0.0.0-20171208185109-cc9eb1d7ad76 h1:eX+pdPPlD279OWgdx7f6KqIRSONuK7egk+jDx7OM3Ac=
github.com/dsnet/compress v0.0.0-20171208185109-cc9eb1d7ad76/go.mod h1:KjxHHirfLaw19iGT70HvVjHQsL1vq1SRQB4yOsAfy2s=
github.com/fhs/go-netrc v1.0.0 h1:jbXXfpcwkeNHq5lXXXQO9DTWD7wUqWxgnyPKUe5H4I0=
github.com/fhs/go-netrc v1.0.0/go.mod h1:tGgE+SHFQhgo1jg+hG6/uCxBJv5Pnq7pTMjvaEWrOu8=
github.com/golang/snappy v0.0.0-20180518054509-2e65f85255db h1:woRePGFeVFfLKN/pOkfl+p/TAqKOfFu+7KPlMVpok/w=
github.com/golang/snappy v0.0.0-20180518054509-2e65f85255db/go.mod h1:/XxbfmMg8lxefKM7IXC3fBNl/7bRcc72aCRzEWrmP2Q=
github.com/jessevdk/go-flags v0.0.0-20180331124232-1c38ed7ad0cc h1:0L2sGkaj6MWuV1BfXsrLJ/+XA8RzKKVsYlLVXNkK1Lw=
github.com/jessevdk/go-flags v0.0.0-20180331124232-1c38ed7ad0cc/go.mod h1:4FA24M0QyGHXBuZZK/XkWh8h0e1EYbRYJSGM75WSRxI=
github.com/jingweno/go-sawyer v0.0.0-20140729165055-1999ae5763d6 h1:2RMaSBb+6kdtJtT7SZfx4OtcjEuRQpAZ9UFU9OiT1BQ=
github.com/jingweno/go-sawyer v0.0.0-20140729165055-1999ae5763d6/go.mod h1:cp3HFHBb/V8Qd4OUxZ8kz8lhwN3HKkMgKFhyM7H5+q4=
github.com/jtacoma/uritemplates v1.0.0 h1:xwx5sBF7pPAb0Uj8lDC1Q/aBPpOFyQza7OC705ZlLCo=
github.com/jtacoma/uritemplates v1.0.0/go.mod h1:IhIICdE9OcvgUnGwTtJxgBQ+VrTrti5PcbLVSJianO8=
github.com/mholt/archiver v0.0.0-20180417220235-e4ef56d48eb0/go.mod h1:Dh2dOXnSdiLxRiPoVfIr/fI1TwETms9B8CTWfeh7ROU=
github.com/mholt/archiver v3.1.1+incompatible h1:1dCVxuqs0dJseYEhi5pl7MYPH9zDa1wBi7mF09cbNkU=
github.com/mholt/archiver v3.1.1+incompatible/go.mod h1:Dh2dOXnSdiLxRiPoVfIr/fI1TwETms9B8CTWfeh7ROU=
github.com/mitchellh/go-homedir v0.0.0-20180523094522-3864e76763d9 h1:Y94YB7jrsihrbGSqRNMwRWJ2/dCxr0hdC2oPRohkx0A=
github.com/mitchellh/go-homedir v0.0.0-20180523094522-3864e76763d9/go.mod h1:SfyaCUpYCn1Vlf4IUYiD9fPX4A5wJrkLzIz1N1q0pr0=
github.com/mitchellh/ioprogress v0.0.0-20180201004757-6a23b12fa88e h1:Qa6dnn8DlasdXRnacluu8HzPts0S1I9zvvUPDbBnXFI=
github.com/mitchellh/ioprogress v0.0.0-20180201004757-6a23b12fa88e/go.mod h1:waEya8ee1Ro/lgxpVhkJI4BVASzkm3UZqkx/cFJiYHM=
github.com/nwaples/rardecode v0.0.0-20171029023500-e06696f847ae h1:UF9xsJn7AeQ72TCus3eRO1lh08Id3AoF37vl+qigL/w=
github.com/nwaples/rardecode v0.0.0-20171029023500-e06696f847ae/go.mod h1:5DzqNKiOdpKKBH87u8VlvAnPZMXcGRhxWkRpHbbfGS0=
github.com/octokit/go-octokit v0.0.0-20160312003706-812e91dfbd64 h1:OwOU33Drn5nnaK4RHjDcMuEn6BvZuG6qob/o1L36A+g=
github.com/octokit/go-octokit v0.0.0-20160312003706-812e91dfbd64/go.mod h1:2u3khcAsOOTW3hlaM3dbJxDdvwHMDGQsC5m7edPSLkg=
github.com/pierrec/lz4 v2.0.3+incompatible h1:h0ipQUMRrnr+/HHhxhceftyXk4QcZsmxSNliSG75Bi0=
github.com/pierrec/lz4 v2.0.3+incompatible/go.mod h1:pdkljMzZIN41W+lC3N2tnIh5sFi+IEE17M5jbnwPHcY=
github.com/pkg/errors v0.0.0-20180311214515-816c9085562c h1:F5RoIh7F9wB47PvXvpP1+Ihq1TkyC8iRdvwfKkESEZQ=
github.com/pkg/errors v0.0.0-20180311214515-816c9085562c/go.mod h1:bwawxfHBFNV+L2hUp1rHADufV3IMtnDRdf1r5NINEl0=
github.com/tcnksm/go-gitconfig v0.0.0-20150505151006-6411ba19847f h1:99nosetRYX8rwJV837jA2kS+jWuY9UjSBbG4N2fpvDs=
github.com/tcnksm/go-gitconfig v0.0.0-20150505151006-6411ba19847f/go.mod h1:/8EhP4H7oJZdIPyT+/UIsG87kTzrzM4UsLGSItWYCpE=
github.com/ulikunitz/xz v0.5.4 h1:zATC2OoZ8H1TZll3FpbX+ikwmadbO699PE06cIkm9oU=
github.com/ulikunitz/xz v0.5.4/go.mod h1:2bypXElzHzzJZwzH67Y6wb67pO62Rzfn7BSiF4ABRW8=
github.com/xi2/xz v0.0.0-20171230120015-48954b6210f8 h1:nIPpBwaJSVYIxUFsDv3M8ofmx9yWTog9BfvIu0q41lo=
github.com/xi2/xz v0.0.0-20171230120015-48954b6210f8/go.mod h1:HUYIGzjTL3rfEspMxjDjgmT5uz5wzYJKVo23qUhYTos=
